
Microsoft Visual Studio Solution File, Format Version 12.00
# Visual Studio 2013
VisualStudioVersion = 12.0.21005.1
MinimumVisualStudioVersion = 10.0.40219.1
Project("{FAE04EC0-301F-11D3-BF4B-00C04F79EFBC}") = "admin.cspportal.com", "admin.cspportal.com\admin.cspportal.com.csproj", "{2120A935-147C-42A5-90CE-3B5C1925874E}"
EndProject
Project("{FAE04EC0-301F-11D3-BF4B-00C04F79EFBC}") = "CSPLibrary", "CSPLibrary\CSPLibrary.csproj", "{40E55B41-B3DF-4724-999A-A67D3CEC1825}"
EndProject
Project("{FAE04EC0-301F-11D3-BF4B-00C04F79EFBC}") = "api.cspportal.com", "api.cspportal.com\api.cspportal.com.csproj", "{6F1A5050-1610-4454-A501-90D98385825C}"
EndProject
Global
	GlobalSection(SolutionConfigurationPlatforms) = preSolution
		Debug|Any CPU = Debug|Any CPU
		Release|Any CPU = Release|Any CPU
	EndGlobalSection
	GlobalSection(ProjectConfigurationPlatforms) = postSolution
		{2120A935-147C-42A5-90CE-3B5C1925874E}.Debug|Any CPU.ActiveCfg = Debug|Any CPU
		{2120A935-147C-42A5-90CE-3B5C1925874E}.Debug|Any CPU.Build.0 = Debug|Any CPU
		{2120A935-147C-42A5-90CE-3B5C1925874E}.Release|Any CPU.ActiveCfg = Release|Any CPU
		{2120A935-147C-42A5-90CE-3B5C1925874E}.Release|Any CPU.Build.0 = Release|Any CPU
		{40E55B41-B3DF-4724-999A-A67D3CEC1825}.Debug|Any CPU.ActiveCfg = Debug|Any CPU
		{40E55B41-B3DF-4724-999A-A67D3CEC1825}.Debug|Any CPU.Build.0 = Debug|Any CPU
		{40E55B41-B3DF-4724-999A-A67D3CEC1825}.Release|Any CPU.ActiveCfg = Release|Any CPU
		{40E55B41-B3DF-4724-999A-A67D3CEC1825}.Release|Any CPU.Build.0 = Release|Any CPU
		{6F1A5050-1610-4454-A501-90D98385825C}.Debug|Any CPU.ActiveCfg = Debug|Any CPU
		{6F1A5050-1610-4454-A501-90D98385825C}.Debug|Any CPU.Build.0 = Debug|Any CPU
		{6F1A5050-1610-4454-A501-90D98385825C}.Release|Any CPU.ActiveCfg = Release|Any CPU
		{6F1A5050-1610-4454-A501-90D98385825C}.Release|Any CPU.Build.0 = Release|Any CPU
	EndGlobalSection
	GlobalSection(SolutionProperties) = preSolution
		HideSolutionNode = FALSE
	EndGlobalSection
EndGlobal
